
Microsoft Visual Studio Solution File, Format Version 12.00
# Visual Studio Version 16
VisualStudioVersion = 16.0.29503.13
MinimumVisualStudioVersion = 10.0.40219.1
Project("{FAE04EC0-301F-11D3-BF4B-00C04F79EFBC}") = "SimUDuck_Strategy", "SimUDuck_Strategy\SimUDuck_Strategy.csproj", "{839870DA-8175-4674-A390-5621A043B3F4}"
EndProject
Project("{FAE04EC0-301F-11D3-BF4B-00C04F79EFBC}") = "SimuDuck_Strategy_2", "SimuDuck_Strategy_2\SimuDuck_Strategy_2.csproj", "{3305DD9D-29B3-40FC-A880-C5E3C61A814D}"
EndProject
Global
	GlobalSection(SolutionConfigurationPlatforms) = preSolution
		Debug|Any CPU = Debug|Any CPU
		Release|Any CPU = Release|Any CPU
	EndGlobalSection
	GlobalSection(ProjectConfigurationPlatforms) = postSolution
		{839870DA-8175-4674-A390-5621A043B3F4}.Debug|Any CPU.ActiveCfg = Debug|Any CPU
		{839870DA-8175-4674-A390-5621A043B3F4}.Debug|Any CPU.Build.0 = Debug|Any CPU
		{839870DA-8175-4674-A390-5621A043B3F4}.Release|Any CPU.ActiveCfg = Release|Any CPU
		{839870DA-8175-4674-A390-5621A043B3F4}.Release|Any CPU.Build.0 = Release|Any CPU
		{3305DD9D-29B3-40FC-A880-C5E3C61A814D}.Debug|Any CPU.ActiveCfg = Debug|Any CPU
		{3305DD9D-29B3-40FC-A880-C5E3C61A814D}.Debug|Any CPU.Build.0 = Debug|Any CPU
		{3305DD9D-29B3-40FC-A880-C5E3C61A814D}.Release|Any CPU.ActiveCfg = Release|Any CPU
		{3305DD9D-29B3-40FC-A880-C5E3C61A814D}.Release|Any CPU.Build.0 = Release|Any CPU
	EndGlobalSection
	GlobalSection(SolutionProperties) = preSolution
		HideSolutionNode = FALSE
	EndGlobalSection
	GlobalSection(ExtensibilityGlobals) = postSolution
		SolutionGuid = {4A62DC3E-40C2-482B-A433-AD713B72266D}
	EndGlobalSection
EndGlobal
